
Microsoft Visual Studio Solution File, Format Version 12.00
# Visual Studio 15
VisualStudioVersion = 15.0.28307.421
MinimumVisualStudioVersion = 10.0.40219.1
Project("{FAE04EC0-301F-11D3-BF4B-00C04F79EFBC}") = "CarsSimpleApplication", "CarsSimpleApplication\CarsSimpleApplication.csproj", "{D099A771-371F-4E0F-8E96-F1BCF7365242}"
EndProject
Global
	GlobalSection(SolutionConfigurationPlatforms) = preSolution
		Debug|Any CPU = Debug|Any CPU
		Release|Any CPU = Release|Any CPU
	EndGlobalSection
	GlobalSection(ProjectConfigurationPlatforms) = postSolution
		{D099A771-371F-4E0F-8E96-F1BCF7365242}.Debug|Any CPU.ActiveCfg = Debug|Any CPU
		{D099A771-371F-4E0F-8E96-F1BCF7365242}.Debug|Any CPU.Build.0 = Debug|Any CPU
		{D099A771-371F-4E0F-8E96-F1BCF7365242}.Release|Any CPU.ActiveCfg = Release|Any CPU
		{D099A771-371F-4E0F-8E96-F1BCF7365242}.Release|Any CPU.Build.0 = Release|Any CPU
	EndGlobalSection
	GlobalSection(SolutionProperties) = preSolution
		HideSolutionNode = FALSE
	EndGlobalSection
	GlobalSection(ExtensibilityGlobals) = postSolution
		SolutionGuid = {AC742956-BEF6-4DFC-857D-90CE869920BD}
	EndGlobalSection
EndGlobal
